
Microsoft Visual Studio Solution File, Format Version 12.00
# Visual Studio Version 17
VisualStudioVersion = 17.6.33829.357
MinimumVisualStudioVersion = 10.0.40219.1
Project("{9A19103F-16F7-4668-BE54-9A1E7A4F7556}") = "NTDLS.Determinet", "NTDLS.Determinet.csproj", "{AE6B5A7C-5D52-4DCD-A3AB-71247FDCB52B}"
EndProject
Project("{FAE04EC0-301F-11D3-BF4B-00C04F79EFBC}") = "TestHarness", "..\TestHarness\TestHarness.csproj", "{3916D1D7-731B-440A-A75D-28C4675B8878}"
EndProject
Global
	GlobalSection(SolutionConfigurationPlatforms) = preSolution
		Debug|Any CPU = Debug|Any CPU
		Release|Any CPU = Release|Any CPU
	EndGlobalSection
	GlobalSection(ProjectConfigurationPlatforms) = postSolution
		{AE6B5A7C-5D52-4DCD-A3AB-71247FDCB52B}.Debug|Any CPU.ActiveCfg = Debug|Any CPU
		{AE6B5A7C-5D52-4DCD-A3AB-71247FDCB52B}.Debug|Any CPU.Build.0 = Debug|Any CPU
		{AE6B5A7C-5D52-4DCD-A3AB-71247FDCB52B}.Release|Any CPU.ActiveCfg = Release|Any CPU
		{AE6B5A7C-5D52-4DCD-A3AB-71247FDCB52B}.Release|Any CPU.Build.0 = Release|Any CPU
		{3916D1D7-731B-440A-A75D-28C4675B8878}.Debug|Any CPU.ActiveCfg = Debug|Any CPU
		{3916D1D7-731B-440A-A75D-28C4675B8878}.Debug|Any CPU.Build.0 = Debug|Any CPU
		{3916D1D7-731B-440A-A75D-28C4675B8878}.Release|Any CPU.ActiveCfg = Release|Any CPU
		{3916D1D7-731B-440A-A75D-28C4675B8878}.Release|Any CPU.Build.0 = Release|Any CPU
	EndGlobalSection
	GlobalSection(SolutionProperties) = preSolution
		HideSolutionNode = FALSE
	EndGlobalSection
	GlobalSection(ExtensibilityGlobals) = postSolution
		SolutionGuid = {B5F54FF5-FA35-41FE-AE5D-0F2F54EF5BB2}
	EndGlobalSection
EndGlobal
