
Microsoft Visual Studio Solution File, Format Version 12.00
# Visual Studio Version 17
VisualStudioVersion = 17.6.33829.357
MinimumVisualStudioVersion = 10.0.40219.1
Project("{9A19103F-16F7-4668-BE54-9A1E7A4F7556}") = "NTDLS.Determinet", "NTDLS.Determinet\NTDLS.Determinet.csproj", "{4BDB9B47-EC73-4C0F-98D3-8ADD3124D1BF}"
EndProject
Project("{FAE04EC0-301F-11D3-BF4B-00C04F79EFBC}") = "GenImages", "GenImages\GenImages.csproj", "{744FE4EC-A231-498A-9E43-C3A35E70230D}"
EndProject
Project("{FAE04EC0-301F-11D3-BF4B-00C04F79EFBC}") = "OCR", "OCR\OCR.csproj", "{88729FA9-B4DF-4FBE-9C89-14BAA2FD7462}"
EndProject
Project("{FAE04EC0-301F-11D3-BF4B-00C04F79EFBC}") = "TestHarness.Draw", "TestHarness.Draw\TestHarness.Draw.csproj", "{7920EDB9-FE93-72C6-0154-8749AF6B6587}"
EndProject
Project("{FAE04EC0-301F-11D3-BF4B-00C04F79EFBC}") = "TestHarness.Library", "TestHarness.Library\TestHarness.Library.csproj", "{DA0F16F1-709D-2DEE-492C-09163C21DF1C}"
EndProject
Project("{FAE04EC0-301F-11D3-BF4B-00C04F79EFBC}") = "TestHarness.Train", "TestHarness.Train\TestHarness.Train.csproj", "{FE03EED6-70F8-67B2-2AF0-AEDAC2FC6AF1}"
EndProject
Project("{2150E333-8FDC-42A3-9474-1A3956D46DE8}") = "TestHarness", "TestHarness", "{02EA681E-C7D8-13C7-8484-4AC65E1B71E8}"
EndProject
Project("{2150E333-8FDC-42A3-9474-1A3956D46DE8}") = "NonWorkingLabs", "NonWorkingLabs", "{379F1F2F-937D-4150-8B21-924049FC7666}"
EndProject
Project("{2150E333-8FDC-42A3-9474-1A3956D46DE8}") = "Tools", "Tools", "{594E97BF-F92C-42A5-B1D2-EFFE28351008}"
EndProject
Project("{FAE04EC0-301F-11D3-BF4B-00C04F79EFBC}") = "TestHarness.Validate", "TestHarness.Validate\TestHarness.Validate.csproj", "{3770F0F6-0834-4DC9-97E4-070C32EC8C15}"
EndProject
Global
	GlobalSection(SolutionConfigurationPlatforms) = preSolution
		Debug|Any CPU = Debug|Any CPU
		Release|Any CPU = Release|Any CPU
	EndGlobalSection
	GlobalSection(ProjectConfigurationPlatforms) = postSolution
		{4BDB9B47-EC73-4C0F-98D3-8ADD3124D1BF}.Debug|Any CPU.ActiveCfg = Debug|Any CPU
		{4BDB9B47-EC73-4C0F-98D3-8ADD3124D1BF}.Debug|Any CPU.Build.0 = Debug|Any CPU
		{4BDB9B47-EC73-4C0F-98D3-8ADD3124D1BF}.Release|Any CPU.ActiveCfg = Release|Any CPU
		{4BDB9B47-EC73-4C0F-98D3-8ADD3124D1BF}.Release|Any CPU.Build.0 = Release|Any CPU
		{744FE4EC-A231-498A-9E43-C3A35E70230D}.Debug|Any CPU.ActiveCfg = Debug|Any CPU
		{744FE4EC-A231-498A-9E43-C3A35E70230D}.Debug|Any CPU.Build.0 = Debug|Any CPU
		{744FE4EC-A231-498A-9E43-C3A35E70230D}.Release|Any CPU.ActiveCfg = Release|Any CPU
		{744FE4EC-A231-498A-9E43-C3A35E70230D}.Release|Any CPU.Build.0 = Release|Any CPU
		{88729FA9-B4DF-4FBE-9C89-14BAA2FD7462}.Debug|Any CPU.ActiveCfg = Debug|Any CPU
		{88729FA9-B4DF-4FBE-9C89-14BAA2FD7462}.Debug|Any CPU.Build.0 = Debug|Any CPU
		{88729FA9-B4DF-4FBE-9C89-14BAA2FD7462}.Release|Any CPU.ActiveCfg = Release|Any CPU
		{88729FA9-B4DF-4FBE-9C89-14BAA2FD7462}.Release|Any CPU.Build.0 = Release|Any CPU
		{7920EDB9-FE93-72C6-0154-8749AF6B6587}.Debug|Any CPU.ActiveCfg = Debug|Any CPU
		{7920EDB9-FE93-72C6-0154-8749AF6B6587}.Debug|Any CPU.Build.0 = Debug|Any CPU
		{7920EDB9-FE93-72C6-0154-8749AF6B6587}.Release|Any CPU.ActiveCfg = Release|Any CPU
		{7920EDB9-FE93-72C6-0154-8749AF6B6587}.Release|Any CPU.Build.0 = Release|Any CPU
		{DA0F16F1-709D-2DEE-492C-09163C21DF1C}.Debug|Any CPU.ActiveCfg = Debug|Any CPU
		{DA0F16F1-709D-2DEE-492C-09163C21DF1C}.Debug|Any CPU.Build.0 = Debug|Any CPU
		{DA0F16F1-709D-2DEE-492C-09163C21DF1C}.Release|Any CPU.ActiveCfg = Release|Any CPU
		{DA0F16F1-709D-2DEE-492C-09163C21DF1C}.Release|Any CPU.Build.0 = Release|Any CPU
		{FE03EED6-70F8-67B2-2AF0-AEDAC2FC6AF1}.Debug|Any CPU.ActiveCfg = Debug|Any CPU
		{FE03EED6-70F8-67B2-2AF0-AEDAC2FC6AF1}.Debug|Any CPU.Build.0 = Debug|Any CPU
		{FE03EED6-70F8-67B2-2AF0-AEDAC2FC6AF1}.Release|Any CPU.ActiveCfg = Release|Any CPU
		{FE03EED6-70F8-67B2-2AF0-AEDAC2FC6AF1}.Release|Any CPU.Build.0 = Release|Any CPU
		{3770F0F6-0834-4DC9-97E4-070C32EC8C15}.Debug|Any CPU.ActiveCfg = Debug|Any CPU
		{3770F0F6-0834-4DC9-97E4-070C32EC8C15}.Debug|Any CPU.Build.0 = Debug|Any CPU
		{3770F0F6-0834-4DC9-97E4-070C32EC8C15}.Release|Any CPU.ActiveCfg = Release|Any CPU
		{3770F0F6-0834-4DC9-97E4-070C32EC8C15}.Release|Any CPU.Build.0 = Release|Any CPU
	EndGlobalSection
	GlobalSection(SolutionProperties) = preSolution
		HideSolutionNode = FALSE
	EndGlobalSection
	GlobalSection(NestedProjects) = preSolution
		{744FE4EC-A231-498A-9E43-C3A35E70230D} = {594E97BF-F92C-42A5-B1D2-EFFE28351008}
		{88729FA9-B4DF-4FBE-9C89-14BAA2FD7462} = {379F1F2F-937D-4150-8B21-924049FC7666}
		{7920EDB9-FE93-72C6-0154-8749AF6B6587} = {02EA681E-C7D8-13C7-8484-4AC65E1B71E8}
		{DA0F16F1-709D-2DEE-492C-09163C21DF1C} = {02EA681E-C7D8-13C7-8484-4AC65E1B71E8}
		{FE03EED6-70F8-67B2-2AF0-AEDAC2FC6AF1} = {02EA681E-C7D8-13C7-8484-4AC65E1B71E8}
		{3770F0F6-0834-4DC9-97E4-070C32EC8C15} = {02EA681E-C7D8-13C7-8484-4AC65E1B71E8}
	EndGlobalSection
	GlobalSection(ExtensibilityGlobals) = postSolution
		SolutionGuid = {B5F54FF5-FA35-41FE-AE5D-0F2F54EF5BB2}
	EndGlobalSection
EndGlobal
