
Microsoft Visual Studio Solution File, Format Version 12.00
# Visual Studio Version 17
VisualStudioVersion = 17.6.33829.357
MinimumVisualStudioVersion = 10.0.40219.1
Project("{9A19103F-16F7-4668-BE54-9A1E7A4F7556}") = "NTDLS.Determinet", "NTDLS.Determinet\NTDLS.Determinet.csproj", "{4BDB9B47-EC73-4C0F-98D3-8ADD3124D1BF}"
EndProject
Project("{FAE04EC0-301F-11D3-BF4B-00C04F79EFBC}") = "TestHarness", "TestHarness\TestHarness.csproj", "{062F9E0D-A00C-4F32-A6D5-C87E59A33F1A}"
EndProject
Project("{FAE04EC0-301F-11D3-BF4B-00C04F79EFBC}") = "TestHarnessDraw", "..\TestHarnessDraw\TestHarnessDraw.csproj", "{29C932EB-FE0B-4BB5-9C33-C5013F07C896}"
EndProject
Global
	GlobalSection(SolutionConfigurationPlatforms) = preSolution
		Debug|Any CPU = Debug|Any CPU
		Release|Any CPU = Release|Any CPU
	EndGlobalSection
	GlobalSection(ProjectConfigurationPlatforms) = postSolution
		{4BDB9B47-EC73-4C0F-98D3-8ADD3124D1BF}.Debug|Any CPU.ActiveCfg = Debug|Any CPU
		{4BDB9B47-EC73-4C0F-98D3-8ADD3124D1BF}.Debug|Any CPU.Build.0 = Debug|Any CPU
		{4BDB9B47-EC73-4C0F-98D3-8ADD3124D1BF}.Release|Any CPU.ActiveCfg = Release|Any CPU
		{4BDB9B47-EC73-4C0F-98D3-8ADD3124D1BF}.Release|Any CPU.Build.0 = Release|Any CPU
		{062F9E0D-A00C-4F32-A6D5-C87E59A33F1A}.Debug|Any CPU.ActiveCfg = Debug|Any CPU
		{062F9E0D-A00C-4F32-A6D5-C87E59A33F1A}.Debug|Any CPU.Build.0 = Debug|Any CPU
		{062F9E0D-A00C-4F32-A6D5-C87E59A33F1A}.Release|Any CPU.ActiveCfg = Release|Any CPU
		{062F9E0D-A00C-4F32-A6D5-C87E59A33F1A}.Release|Any CPU.Build.0 = Release|Any CPU
		{29C932EB-FE0B-4BB5-9C33-C5013F07C896}.Debug|Any CPU.ActiveCfg = Debug|Any CPU
		{29C932EB-FE0B-4BB5-9C33-C5013F07C896}.Debug|Any CPU.Build.0 = Debug|Any CPU
		{29C932EB-FE0B-4BB5-9C33-C5013F07C896}.Release|Any CPU.ActiveCfg = Release|Any CPU
		{29C932EB-FE0B-4BB5-9C33-C5013F07C896}.Release|Any CPU.Build.0 = Release|Any CPU
	EndGlobalSection
	GlobalSection(SolutionProperties) = preSolution
		HideSolutionNode = FALSE
	EndGlobalSection
	GlobalSection(ExtensibilityGlobals) = postSolution
		SolutionGuid = {B5F54FF5-FA35-41FE-AE5D-0F2F54EF5BB2}
	EndGlobalSection
EndGlobal
